// !$*UTF8*$!
{
	archiveVersion = 1;
	classes = {
	};
	objectVersion = 45;
	objects = {

/* Begin PBXBuildFile section */
		1D3623260D0F684500981E51 /* MicroBloggingAppDelegate.m in Sources */ = {isa = PBXBuildFile; fileRef = 1D3623250D0F684500981E51 /* MicroBloggingAppDelegate.m */; };
		1D60589B0D05DD56006BFB54 /* main.m in Sources */ = {isa = PBXBuildFile; fileRef = 29B97316FDCFA39411CA2CEA /* main.m */; };
		1D60589F0D05DD5A006BFB54 /* Foundation.framework in Frameworks */ = {isa = PBXBuildFile; fileRef = 1D30AB110D05D00D00671497 /* Foundation.framework */; };
		1DF5F4E00D08C38300B7A737 /* UIKit.framework in Frameworks */ = {isa = PBXBuildFile; fileRef = 1DF5F4DF0D08C38300B7A737 /* UIKit.framework */; };
		288765A50DF7441C002DB57D /* CoreGraphics.framework in Frameworks */ = {isa = PBXBuildFile; fileRef = 288765A40DF7441C002DB57D /* CoreGraphics.framework */; };
		2899E5220DE3E06400AC0155 /* MicroBloggingViewController.xib in Resources */ = {isa = PBXBuildFile; fileRef = 2899E5210DE3E06400AC0155 /* MicroBloggingViewController.xib */; };
		28AD733F0D9D9553002E5188 /* MainWindow.xib in Resources */ = {isa = PBXBuildFile; fileRef = 28AD733E0D9D9553002E5188 /* MainWindow.xib */; };
		28D7ACF80DDB3853001CB0EB /* MicroBloggingViewController.m in Sources */ = {isa = PBXBuildFile; fileRef = 28D7ACF70DDB3853001CB0EB /* MicroBloggingViewController.m */; };
		8D7320571220F7EE00496B0A /* MicroMessageInfo.m in Sources */ = {isa = PBXBuildFile; fileRef = 8D7320561220F7EE00496B0A /* MicroMessageInfo.m */; };
		8D73205A1220F83800496B0A /* MicroMessageCell.m in Sources */ = {isa = PBXBuildFile; fileRef = 8D7320591220F83800496B0A /* MicroMessageCell.m */; };
		8D7321451221241C00496B0A /* p1.jpeg in Resources */ = {isa = PBXBuildFile; fileRef = 8D7321401221241C00496B0A /* p1.jpeg */; };
		8D7321461221241C00496B0A /* p2.jpeg in Resources */ = {isa = PBXBuildFile; fileRef = 8D7321411221241C00496B0A /* p2.jpeg */; };
		8D7321471221241C00496B0A /* p3.jpeg in Resources */ = {isa = PBXBuildFile; fileRef = 8D7321421221241C00496B0A /* p3.jpeg */; };
		8D7321481221241C00496B0A /* p4.jpeg in Resources */ = {isa = PBXBuildFile; fileRef = 8D7321431221241C00496B0A /* p4.jpeg */; };
		8D7321491221241C00496B0A /* p5.jpeg in Resources */ = {isa = PBXBuildFile; fileRef = 8D7321441221241C00496B0A /* p5.jpeg */; };
		8D73228112215A0B00496B0A /* p6.jpeg in Resources */ = {isa = PBXBuildFile; fileRef = 8D73227E12215A0B00496B0A /* p6.jpeg */; };
		8D73228212215A0B00496B0A /* p7.jpeg in Resources */ = {isa = PBXBuildFile; fileRef = 8D73227F12215A0B00496B0A /* p7.jpeg */; };
		8D73228312215A0B00496B0A /* p8.jpeg in Resources */ = {isa = PBXBuildFile; fileRef = 8D73228012215A0B00496B0A /* p8.jpeg */; };
/* End PBXBuildFile section */

/* Begin PBXFileReference section */
		1D30AB110D05D00D00671497 /* Foundation.framework */ = {isa = PBXFileReference; lastKnownFileType = wrapper.framework; name = Foundation.framework; path = System/Library/Frameworks/Foundation.framework; sourceTree = SDKROOT; };
		1D3623240D0F684500981E51 /* MicroBloggingAppDelegate.h */ = {isa = PBXFileReference; fileEncoding = 4; lastKnownFileType = sourcecode.c.h; path = MicroBloggingAppDelegate.h; sourceTree = "<group>"; };
		1D3623250D0F684500981E51 /* MicroBloggingAppDelegate.m */ = {isa = PBXFileReference; fileEncoding = 4; lastKnownFileType = sourcecode.c.objc; path = MicroBloggingAppDelegate.m; sourceTree = "<group>"; wrapsLines = 1; };
		1D6058910D05DD3D006BFB54 /* MicroBlogging.app */ = {isa = PBXFileReference; explicitFileType = wrapper.application; includeInIndex = 0; path = MicroBlogging.app; sourceTree = BUILT_PRODUCTS_DIR; };
		1DF5F4DF0D08C38300B7A737 /* UIKit.framework */ = {isa = PBXFileReference; lastKnownFileType = wrapper.framework; name = UIKit.framework; path = System/Library/Frameworks/UIKit.framework; sourceTree = SDKROOT; };
		288765A40DF7441C002DB57D /* CoreGraphics.framework */ = {isa = PBXFileReference; lastKnownFileType = wrapper.framework; name = CoreGraphics.framework; path = System/Library/Frameworks/CoreGraphics.framework; sourceTree = SDKROOT; };
		2899E5210DE3E06400AC0155 /* MicroBloggingViewController.xib */ = {isa = PBXFileReference; lastKnownFileType = file.xib; path = MicroBloggingViewController.xib; sourceTree = "<group>"; };
		28AD733E0D9D9553002E5188 /* MainWindow.xib */ = {isa = PBXFileReference; lastKnownFileType = file.xib; path = MainWindow.xib; sourceTree = "<group>"; };
		28D7ACF60DDB3853001CB0EB /* MicroBloggingViewController.h */ = {isa = PBXFileReference; fileEncoding = 4; lastKnownFileType = sourcecode.c.h; path = MicroBloggingViewController.h; sourceTree = "<group>"; };
		28D7ACF70DDB3853001CB0EB /* MicroBloggingViewController.m */ = {isa = PBXFileReference; fileEncoding = 4; lastKnownFileType = sourcecode.c.objc; path = MicroBloggingViewController.m; sourceTree = "<group>"; };
		29B97316FDCFA39411CA2CEA /* main.m */ = {isa = PBXFileReference; fileEncoding = 4; lastKnownFileType = sourcecode.c.objc; path = main.m; sourceTree = "<group>"; };
		32CA4F630368D1EE00C91783 /* MicroBlogging_Prefix.pch */ = {isa = PBXFileReference; fileEncoding = 4; lastKnownFileType = sourcecode.c.h; path = MicroBlogging_Prefix.pch; sourceTree = "<group>"; };
		8D1107310486CEB800E47090 /* MicroBlogging-Info.plist */ = {isa = PBXFileReference; fileEncoding = 4; lastKnownFileType = text.plist.xml; path = "MicroBlogging-Info.plist"; plistStructureDefinitionIdentifier = "com.apple.xcode.plist.structure-definition.iphone.info-plist"; sourceTree = "<group>"; };
		8D7320551220F7EE00496B0A /* MicroMessageInfo.h */ = {isa = PBXFileReference; fileEncoding = 4; lastKnownFileType = sourcecode.c.h; path = MicroMessageInfo.h; sourceTree = "<group>"; };
		8D7320561220F7EE00496B0A /* MicroMessageInfo.m */ = {isa = PBXFileReference; fileEncoding = 4; lastKnownFileType = sourcecode.c.objc; path = MicroMessageInfo.m; sourceTree = "<group>"; wrapsLines = 1; };
		8D7320581220F83800496B0A /* MicroMessageCell.h */ = {isa = PBXFileReference; fileEncoding = 4; lastKnownFileType = sourcecode.c.h; path = MicroMessageCell.h; sourceTree = "<group>"; };
		8D7320591220F83800496B0A /* MicroMessageCell.m */ = {isa = PBXFileReference; fileEncoding = 4; lastKnownFileType = sourcecode.c.objc; path = MicroMessageCell.m; sourceTree = "<group>"; };
		8D7321401221241C00496B0A /* p1.jpeg */ = {isa = PBXFileReference; lastKnownFileType = image.jpeg; path = p1.jpeg; sourceTree = "<group>"; };
		8D7321411221241C00496B0A /* p2.jpeg */ = {isa = PBXFileReference; lastKnownFileType = image.jpeg; path = p2.jpeg; sourceTree = "<group>"; };
		8D7321421221241C00496B0A /* p3.jpeg */ = {isa = PBXFileReference; lastKnownFileType = image.jpeg; path = p3.jpeg; sourceTree = "<group>"; };
		8D7321431221241C00496B0A /* p4.jpeg */ = {isa = PBXFileReference; lastKnownFileType = image.jpeg; path = p4.jpeg; sourceTree = "<group>"; };
		8D7321441221241C00496B0A /* p5.jpeg */ = {isa = PBXFileReference; lastKnownFileType = image.jpeg; path = p5.jpeg; sourceTree = "<group>"; };
		8D73227E12215A0B00496B0A /* p6.jpeg */ = {isa = PBXFileReference; lastKnownFileType = image.jpeg; path = p6.jpeg; sourceTree = "<group>"; };
		8D73227F12215A0B00496B0A /* p7.jpeg */ = {isa = PBXFileReference; lastKnownFileType = image.jpeg; path = p7.jpeg; sourceTree = "<group>"; };
		8D73228012215A0B00496B0A /* p8.jpeg */ = {isa = PBXFileReference; lastKnownFileType = image.jpeg; path = p8.jpeg; sourceTree = "<group>"; };
/* End PBXFileReference section */

/* Begin PBXFrameworksBuildPhase section */
		1D60588F0D05DD3D006BFB54 /* Frameworks */ = {
			isa = PBXFrameworksBuildPhase;
			buildActionMask = 2147483647;
			files = (
				1D60589F0D05DD5A006BFB54 /* Foundation.framework in Frameworks */,
				1DF5F4E00D08C38300B7A737 /* UIKit.framework in Frameworks */,
				288765A50DF7441C002DB57D /* CoreGraphics.framework in Frameworks */,
			);
			runOnlyForDeploymentPostprocessing = 0;
		};
/* End PBXFrameworksBuildPhase section */

/* Begin PBXGroup section */
		080E96DDFE201D6D7F000001 /* Classes */ = {
			isa = PBXGroup;
			children = (
				1D3623240D0F684500981E51 /* MicroBloggingAppDelegate.h */,
				1D3623250D0F684500981E51 /* MicroBloggingAppDelegate.m */,
				28D7ACF60DDB3853001CB0EB /* MicroBloggingViewController.h */,
				28D7ACF70DDB3853001CB0EB /* MicroBloggingViewController.m */,
				8D7320551220F7EE00496B0A /* MicroMessageInfo.h */,
				8D7320561220F7EE00496B0A /* MicroMessageInfo.m */,
				8D7320581220F83800496B0A /* MicroMessageCell.h */,
				8D7320591220F83800496B0A /* MicroMessageCell.m */,
			);
			path = Classes;
			sourceTree = "<group>";
		};
		19C28FACFE9D520D11CA2CBB /* Products */ = {
			isa = PBXGroup;
			children = (
				1D6058910D05DD3D006BFB54 /* MicroBlogging.app */,
			);
			name = Products;
			sourceTree = "<group>";
		};
		29B97314FDCFA39411CA2CEA /* CustomTemplate */ = {
			isa = PBXGroup;
			children = (
				8D73213F1221241C00496B0A /* Portraits */,
				080E96DDFE201D6D7F000001 /* Classes */,
				29B97315FDCFA39411CA2CEA /* Other Sources */,
				29B97317FDCFA39411CA2CEA /* Resources */,
				29B97323FDCFA39411CA2CEA /* Frameworks */,
				19C28FACFE9D520D11CA2CBB /* Products */,
			);
			name = CustomTemplate;
			sourceTree = "<group>";
		};
		29B97315FDCFA39411CA2CEA /* Other Sources */ = {
			isa = PBXGroup;
			children = (
				32CA4F630368D1EE00C91783 /* MicroBlogging_Prefix.pch */,
				29B97316FDCFA39411CA2CEA /* main.m */,
			);
			name = "Other Sources";
			sourceTree = "<group>";
		};
		29B97317FDCFA39411CA2CEA /* Resources */ = {
			isa = PBXGroup;
			children = (
				2899E5210DE3E06400AC0155 /* MicroBloggingViewController.xib */,
				28AD733E0D9D9553002E5188 /* MainWindow.xib */,
				8D1107310486CEB800E47090 /* MicroBlogging-Info.plist */,
			);
			name = Resources;
			sourceTree = "<group>";
		};
		29B97323FDCFA39411CA2CEA /* Frameworks */ = {
			isa = PBXGroup;
			children = (
				1DF5F4DF0D08C38300B7A737 /* UIKit.framework */,
				1D30AB110D05D00D00671497 /* Foundation.framework */,
				288765A40DF7441C002DB57D /* CoreGraphics.framework */,
			);
			name = Frameworks;
			sourceTree = "<group>";
		};
		8D73213F1221241C00496B0A /* Portraits */ = {
			isa = PBXGroup;
			children = (
				8D73227E12215A0B00496B0A /* p6.jpeg */,
				8D73227F12215A0B00496B0A /* p7.jpeg */,
				8D73228012215A0B00496B0A /* p8.jpeg */,
				8D7321401221241C00496B0A /* p1.jpeg */,
				8D7321411221241C00496B0A /* p2.jpeg */,
				8D7321421221241C00496B0A /* p3.jpeg */,
				8D7321431221241C00496B0A /* p4.jpeg */,
				8D7321441221241C00496B0A /* p5.jpeg */,
			);
			path = Portraits;
			sourceTree = "<group>";
		};
/* End PBXGroup section */

/* Begin PBXNativeTarget section */
		1D6058900D05DD3D006BFB54 /* MicroBlogging */ = {
			isa = PBXNativeTarget;
			buildConfigurationList = 1D6058960D05DD3E006BFB54 /* Build configuration list for PBXNativeTarget "MicroBlogging" */;
			buildPhases = (
				1D60588D0D05DD3D006BFB54 /* Resources */,
				1D60588E0D05DD3D006BFB54 /* Sources */,
				1D60588F0D05DD3D006BFB54 /* Frameworks */,
			);
			buildRules = (
			);
			dependencies = (
			);
			name = MicroBlogging;
			productName = MicroBlogging;
			productReference = 1D6058910D05DD3D006BFB54 /* MicroBlogging.app */;
			productType = "com.apple.product-type.application";
		};
/* End PBXNativeTarget section */

/* Begin PBXProject section */
		29B97313FDCFA39411CA2CEA /* Project object */ = {
			isa = PBXProject;
			buildConfigurationList = C01FCF4E08A954540054247B /* Build configuration list for PBXProject "MicroBlogging" */;
			compatibilityVersion = "Xcode 3.1";
			hasScannedForEncodings = 1;
			mainGroup = 29B97314FDCFA39411CA2CEA /* CustomTemplate */;
			projectDirPath = "";
			projectRoot = "";
			targets = (
				1D6058900D05DD3D006BFB54 /* MicroBlogging */,
			);
		};
/* End PBXProject section */

/* Begin PBXResourcesBuildPhase section */
		1D60588D0D05DD3D006BFB54 /* Resources */ = {
			isa = PBXResourcesBuildPhase;
			buildActionMask = 2147483647;
			files = (
				28AD733F0D9D9553002E5188 /* MainWindow.xib in Resources */,
				2899E5220DE3E06400AC0155 /* MicroBloggingViewController.xib in Resources */,
				8D7321451221241C00496B0A /* p1.jpeg in Resources */,
				8D7321461221241C00496B0A /* p2.jpeg in Resources */,
				8D7321471221241C00496B0A /* p3.jpeg in Resources */,
				8D7321481221241C00496B0A /* p4.jpeg in Resources */,
				8D7321491221241C00496B0A /* p5.jpeg in Resources */,
				8D73228112215A0B00496B0A /* p6.jpeg in Resources */,
				8D73228212215A0B00496B0A /* p7.jpeg in Resources */,
				8D73228312215A0B00496B0A /* p8.jpeg in Resources */,
			);
			runOnlyForDeploymentPostprocessing = 0;
		};
/* End PBXResourcesBuildPhase section */

/* Begin PBXSourcesBuildPhase section */
		1D60588E0D05DD3D006BFB54 /* Sources */ = {
			isa = PBXSourcesBuildPhase;
			buildActionMask = 2147483647;
			files = (
				1D60589B0D05DD56006BFB54 /* main.m in Sources */,
				1D3623260D0F684500981E51 /* MicroBloggingAppDelegate.m in Sources */,
				28D7ACF80DDB3853001CB0EB /* MicroBloggingViewController.m in Sources */,
				8D7320571220F7EE00496B0A /* MicroMessageInfo.m in Sources */,
				8D73205A1220F83800496B0A /* MicroMessageCell.m in Sources */,
			);
			runOnlyForDeploymentPostprocessing = 0;
		};
/* End PBXSourcesBuildPhase section */

/* Begin XCBuildConfiguration section */
		1D6058940D05DD3E006BFB54 /* Debug */ = {
			isa = XCBuildConfiguration;
			buildSettings = {
				ALWAYS_SEARCH_USER_PATHS = NO;
				COPY_PHASE_STRIP = NO;
				GCC_DYNAMIC_NO_PIC = NO;
				GCC_OPTIMIZATION_LEVEL = 0;
				GCC_PRECOMPILE_PREFIX_HEADER = YES;
				GCC_PREFIX_HEADER = MicroBlogging_Prefix.pch;
				INFOPLIST_FILE = "MicroBlogging-Info.plist";
				PRODUCT_NAME = MicroBlogging;
			};
			name = Debug;
		};
		1D6058950D05DD3E006BFB54 /* Release */ = {
			isa = XCBuildConfiguration;
			buildSettings = {
				ALWAYS_SEARCH_USER_PATHS = NO;
				COPY_PHASE_STRIP = YES;
				GCC_PRECOMPILE_PREFIX_HEADER = YES;
				GCC_PREFIX_HEADER = MicroBlogging_Prefix.pch;
				INFOPLIST_FILE = "MicroBlogging-Info.plist";
				PRODUCT_NAME = MicroBlogging;
				VALIDATE_PRODUCT = YES;
			};
			name = Release;
		};
		C01FCF4F08A954540054247B /* Debug */ = {
			isa = XCBuildConfiguration;
			buildSettings = {
				ARCHS = "$(ARCHS_STANDARD_32_BIT)";
				"CODE_SIGN_IDENTITY[sdk=iphoneos*]" = "iPhone Developer";
				GCC_C_LANGUAGE_STANDARD = c99;
				GCC_WARN_ABOUT_RETURN_TYPE = YES;
				GCC_WARN_UNUSED_VARIABLE = YES;
				PREBINDING = NO;
				SDKROOT = iphoneos4.0;
			};
			name = Debug;
		};
		C01FCF5008A954540054247B /* Release */ = {
			isa = XCBuildConfiguration;
			buildSettings = {
				ARCHS = "$(ARCHS_STANDARD_32_BIT)";
				"CODE_SIGN_IDENTITY[sdk=iphoneos*]" = "iPhone Developer";
				GCC_C_LANGUAGE_STANDARD = c99;
				GCC_WARN_ABOUT_RETURN_TYPE = YES;
				GCC_WARN_UNUSED_VARIABLE = YES;
				OTHER_CFLAGS = "-DNS_BLOCK_ASSERTIONS=1";
				PREBINDING = NO;
				SDKROOT = iphoneos4.0;
			};
			name = Release;
		};
/* End XCBuildConfiguration section */

/* Begin XCConfigurationList section */
		1D6058960D05DD3E006BFB54 /* Build configuration list for PBXNativeTarget "MicroBlogging" */ = {
			isa = XCConfigurationList;
			buildConfigurations = (
				1D6058940D05DD3E006BFB54 /* Debug */,
				1D6058950D05DD3E006BFB54 /* Release */,
			);
			defaultConfigurationIsVisible = 0;
			defaultConfigurationName = Release;
		};
		C01FCF4E08A954540054247B /* Build configuration list for PBXProject "MicroBlogging" */ = {
			isa = XCConfigurationList;
			buildConfigurations = (
				C01FCF4F08A954540054247B /* Debug */,
				C01FCF5008A954540054247B /* Release */,
			);
			defaultConfigurationIsVisible = 0;
			defaultConfigurationName = Release;
		};
/* End XCConfigurationList section */
	};
	rootObject = 29B97313FDCFA39411CA2CEA /* Project object */;
}
